<?xml version="1.0" encoding="UTF-8"?>
<CodeBlocks_project_file>
	<FileVersion major="1" minor="6"/>
	<Project>
		<Option title="myInterpreter"/>
		<Option makefile_is_custom="1"/>
		<Option compiler="gcc"/>
		<Option virtualFolders="CMake Files\;CMake Files\src\;CMake Files\src\lexer\;CMake Files\src\ast\;CMake Files\src\grammar\;CMake Files\src\evaluator\;CMake Files\demo\;CMake Files\demo\boost_example\;CMake Files\demo\lib_test\;"/>
		<Build>
			<Target title="all">
				<Option working_dir="F:/Studying/4_term/MPZ/Interpreter/myInterpreter/build-project-Qt_5_12_2_MinGW_64_bit-Default"/>
				<Option type="4"/>
				<MakeCommands>
					<Build command="D:/qt/Tools/mingw730_64/bin/mingw32-make.exe -f &quot;F:/Studying/4_term/MPZ/Interpreter/myInterpreter/build-project-Qt_5_12_2_MinGW_64_bit-Default/Makefile&quot;  VERBOSE=1 all"/>
					<CompileFile command="D:/qt/Tools/mingw730_64/bin/mingw32-make.exe -f &quot;F:/Studying/4_term/MPZ/Interpreter/myInterpreter/build-project-Qt_5_12_2_MinGW_64_bit-Default/Makefile&quot;  VERBOSE=1 &quot;$file&quot;"/>
					<Clean command="D:/qt/Tools/mingw730_64/bin/mingw32-make.exe -f &quot;F:/Studying/4_term/MPZ/Interpreter/myInterpreter/build-project-Qt_5_12_2_MinGW_64_bit-Default/Makefile&quot;  VERBOSE=1 clean"/>
					<DistClean command="D:/qt/Tools/mingw730_64/bin/mingw32-make.exe -f &quot;F:/Studying/4_term/MPZ/Interpreter/myInterpreter/build-project-Qt_5_12_2_MinGW_64_bit-Default/Makefile&quot;  VERBOSE=1 clean"/>
				</MakeCommands>
			</Target>
			<Target title="edit_cache">
				<Option working_dir="F:/Studying/4_term/MPZ/Interpreter/myInterpreter/build-project-Qt_5_12_2_MinGW_64_bit-Default"/>
				<Option type="4"/>
				<MakeCommands>
					<Build command="D:/qt/Tools/mingw730_64/bin/mingw32-make.exe -f &quot;F:/Studying/4_term/MPZ/Interpreter/myInterpreter/build-project-Qt_5_12_2_MinGW_64_bit-Default/Makefile&quot;  VERBOSE=1 edit_cache"/>
					<CompileFile command="D:/qt/Tools/mingw730_64/bin/mingw32-make.exe -f &quot;F:/Studying/4_term/MPZ/Interpreter/myInterpreter/build-project-Qt_5_12_2_MinGW_64_bit-Default/Makefile&quot;  VERBOSE=1 &quot;$file&quot;"/>
					<Clean command="D:/qt/Tools/mingw730_64/bin/mingw32-make.exe -f &quot;F:/Studying/4_term/MPZ/Interpreter/myInterpreter/build-project-Qt_5_12_2_MinGW_64_bit-Default/Makefile&quot;  VERBOSE=1 clean"/>
					<DistClean command="D:/qt/Tools/mingw730_64/bin/mingw32-make.exe -f &quot;F:/Studying/4_term/MPZ/Interpreter/myInterpreter/build-project-Qt_5_12_2_MinGW_64_bit-Default/Makefile&quot;  VERBOSE=1 clean"/>
				</MakeCommands>
			</Target>
			<Target title="rebuild_cache">
				<Option working_dir="F:/Studying/4_term/MPZ/Interpreter/myInterpreter/build-project-Qt_5_12_2_MinGW_64_bit-Default"/>
				<Option type="4"/>
				<MakeCommands>
					<Build command="D:/qt/Tools/mingw730_64/bin/mingw32-make.exe -f &quot;F:/Studying/4_term/MPZ/Interpreter/myInterpreter/build-project-Qt_5_12_2_MinGW_64_bit-Default/Makefile&quot;  VERBOSE=1 rebuild_cache"/>
					<CompileFile command="D:/qt/Tools/mingw730_64/bin/mingw32-make.exe -f &quot;F:/Studying/4_term/MPZ/Interpreter/myInterpreter/build-project-Qt_5_12_2_MinGW_64_bit-Default/Makefile&quot;  VERBOSE=1 &quot;$file&quot;"/>
					<Clean command="D:/qt/Tools/mingw730_64/bin/mingw32-make.exe -f &quot;F:/Studying/4_term/MPZ/Interpreter/myInterpreter/build-project-Qt_5_12_2_MinGW_64_bit-Default/Makefile&quot;  VERBOSE=1 clean"/>
					<DistClean command="D:/qt/Tools/mingw730_64/bin/mingw32-make.exe -f &quot;F:/Studying/4_term/MPZ/Interpreter/myInterpreter/build-project-Qt_5_12_2_MinGW_64_bit-Default/Makefile&quot;  VERBOSE=1 clean"/>
				</MakeCommands>
			</Target>
			<Target title="LibInterpreter">
				<Option output="F:/Studying/4_term/MPZ/Interpreter/myInterpreter/build-project-Qt_5_12_2_MinGW_64_bit-Default/src/libLibInterpreter.a" prefix_auto="0" extension_auto="0"/>
				<Option working_dir="F:/Studying/4_term/MPZ/Interpreter/myInterpreter/build-project-Qt_5_12_2_MinGW_64_bit-Default/src"/>
				<Option object_output="./"/>
				<Option type="2"/>
				<Option compiler="gcc"/>
				<Compiler>
					<Add directory="F:/Studying/4_term/MPZ/Interpreter/myInterpreter/project/includes"/>
					<Add directory="F:/Studying/4_term/MPZ/Interpreter/myInterpreter/lib/boost/boost_1_70_0"/>
					<Add directory="D:/qt/Tools/mingw730_64/bin/../lib/gcc/x86_64-w64-mingw32/7.3.0/include/c++"/>
					<Add directory="D:/qt/Tools/mingw730_64/bin/../lib/gcc/x86_64-w64-mingw32/7.3.0/include/c++/x86_64-w64-mingw32"/>
					<Add directory="D:/qt/Tools/mingw730_64/bin/../lib/gcc/x86_64-w64-mingw32/7.3.0/include/c++/backward"/>
					<Add directory="D:/qt/Tools/mingw730_64/bin/../lib/gcc/x86_64-w64-mingw32/7.3.0/include"/>
					<Add directory="D:/qt/Tools/mingw730_64/bin/../lib/gcc/x86_64-w64-mingw32/7.3.0/include-fixed"/>
					<Add directory="D:/qt/Tools/mingw730_64/bin/../lib/gcc/x86_64-w64-mingw32/7.3.0/../../../../x86_64-w64-mingw32/include"/>
				</Compiler>
				<MakeCommands>
					<Build command="D:/qt/Tools/mingw730_64/bin/mingw32-make.exe -f &quot;F:/Studying/4_term/MPZ/Interpreter/myInterpreter/build-project-Qt_5_12_2_MinGW_64_bit-Default/src/Makefile&quot;  VERBOSE=1 LibInterpreter"/>
					<CompileFile command="D:/qt/Tools/mingw730_64/bin/mingw32-make.exe -f &quot;F:/Studying/4_term/MPZ/Interpreter/myInterpreter/build-project-Qt_5_12_2_MinGW_64_bit-Default/src/Makefile&quot;  VERBOSE=1 &quot;$file&quot;"/>
					<Clean command="D:/qt/Tools/mingw730_64/bin/mingw32-make.exe -f &quot;F:/Studying/4_term/MPZ/Interpreter/myInterpreter/build-project-Qt_5_12_2_MinGW_64_bit-Default/src/Makefile&quot;  VERBOSE=1 clean"/>
					<DistClean command="D:/qt/Tools/mingw730_64/bin/mingw32-make.exe -f &quot;F:/Studying/4_term/MPZ/Interpreter/myInterpreter/build-project-Qt_5_12_2_MinGW_64_bit-Default/src/Makefile&quot;  VERBOSE=1 clean"/>
				</MakeCommands>
			</Target>
			<Target title="LibInterpreter/fast">
				<Option output="F:/Studying/4_term/MPZ/Interpreter/myInterpreter/build-project-Qt_5_12_2_MinGW_64_bit-Default/src/libLibInterpreter.a" prefix_auto="0" extension_auto="0"/>
				<Option working_dir="F:/Studying/4_term/MPZ/Interpreter/myInterpreter/build-project-Qt_5_12_2_MinGW_64_bit-Default/src"/>
				<Option object_output="./"/>
				<Option type="2"/>
				<Option compiler="gcc"/>
				<Compiler>
					<Add directory="F:/Studying/4_term/MPZ/Interpreter/myInterpreter/project/includes"/>
					<Add directory="F:/Studying/4_term/MPZ/Interpreter/myInterpreter/lib/boost/boost_1_70_0"/>
					<Add directory="D:/qt/Tools/mingw730_64/bin/../lib/gcc/x86_64-w64-mingw32/7.3.0/include/c++"/>
					<Add directory="D:/qt/Tools/mingw730_64/bin/../lib/gcc/x86_64-w64-mingw32/7.3.0/include/c++/x86_64-w64-mingw32"/>
					<Add directory="D:/qt/Tools/mingw730_64/bin/../lib/gcc/x86_64-w64-mingw32/7.3.0/include/c++/backward"/>
					<Add directory="D:/qt/Tools/mingw730_64/bin/../lib/gcc/x86_64-w64-mingw32/7.3.0/include"/>
					<Add directory="D:/qt/Tools/mingw730_64/bin/../lib/gcc/x86_64-w64-mingw32/7.3.0/include-fixed"/>
					<Add directory="D:/qt/Tools/mingw730_64/bin/../lib/gcc/x86_64-w64-mingw32/7.3.0/../../../../x86_64-w64-mingw32/include"/>
				</Compiler>
				<MakeCommands>
					<Build command="D:/qt/Tools/mingw730_64/bin/mingw32-make.exe -f &quot;F:/Studying/4_term/MPZ/Interpreter/myInterpreter/build-project-Qt_5_12_2_MinGW_64_bit-Default/src/Makefile&quot;  VERBOSE=1 LibInterpreter/fast"/>
					<CompileFile command="D:/qt/Tools/mingw730_64/bin/mingw32-make.exe -f &quot;F:/Studying/4_term/MPZ/Interpreter/myInterpreter/build-project-Qt_5_12_2_MinGW_64_bit-Default/src/Makefile&quot;  VERBOSE=1 &quot;$file&quot;"/>
					<Clean command="D:/qt/Tools/mingw730_64/bin/mingw32-make.exe -f &quot;F:/Studying/4_term/MPZ/Interpreter/myInterpreter/build-project-Qt_5_12_2_MinGW_64_bit-Default/src/Makefile&quot;  VERBOSE=1 clean"/>
					<DistClean command="D:/qt/Tools/mingw730_64/bin/mingw32-make.exe -f &quot;F:/Studying/4_term/MPZ/Interpreter/myInterpreter/build-project-Qt_5_12_2_MinGW_64_bit-Default/src/Makefile&quot;  VERBOSE=1 clean"/>
				</MakeCommands>
			</Target>
			<Target title="LibLexer">
				<Option output="F:/Studying/4_term/MPZ/Interpreter/myInterpreter/build-project-Qt_5_12_2_MinGW_64_bit-Default/src/lexer/libLibLexer.a" prefix_auto="0" extension_auto="0"/>
				<Option working_dir="F:/Studying/4_term/MPZ/Interpreter/myInterpreter/build-project-Qt_5_12_2_MinGW_64_bit-Default/src/lexer"/>
				<Option object_output="./"/>
				<Option type="2"/>
				<Option compiler="gcc"/>
				<Compiler>
					<Add directory="F:/Studying/4_term/MPZ/Interpreter/myInterpreter/project/includes"/>
					<Add directory="F:/Studying/4_term/MPZ/Interpreter/myInterpreter/lib/boost/boost_1_70_0"/>
					<Add directory="D:/qt/Tools/mingw730_64/bin/../lib/gcc/x86_64-w64-mingw32/7.3.0/include/c++"/>
					<Add directory="D:/qt/Tools/mingw730_64/bin/../lib/gcc/x86_64-w64-mingw32/7.3.0/include/c++/x86_64-w64-mingw32"/>
					<Add directory="D:/qt/Tools/mingw730_64/bin/../lib/gcc/x86_64-w64-mingw32/7.3.0/include/c++/backward"/>
					<Add directory="D:/qt/Tools/mingw730_64/bin/../lib/gcc/x86_64-w64-mingw32/7.3.0/include"/>
					<Add directory="D:/qt/Tools/mingw730_64/bin/../lib/gcc/x86_64-w64-mingw32/7.3.0/include-fixed"/>
					<Add directory="D:/qt/Tools/mingw730_64/bin/../lib/gcc/x86_64-w64-mingw32/7.3.0/../../../../x86_64-w64-mingw32/include"/>
				</Compiler>
				<MakeCommands>
					<Build command="D:/qt/Tools/mingw730_64/bin/mingw32-make.exe -f &quot;F:/Studying/4_term/MPZ/Interpreter/myInterpreter/build-project-Qt_5_12_2_MinGW_64_bit-Default/src/lexer/Makefile&quot;  VERBOSE=1 LibLexer"/>
					<CompileFile command="D:/qt/Tools/mingw730_64/bin/mingw32-make.exe -f &quot;F:/Studying/4_term/MPZ/Interpreter/myInterpreter/build-project-Qt_5_12_2_MinGW_64_bit-Default/src/lexer/Makefile&quot;  VERBOSE=1 &quot;$file&quot;"/>
					<Clean command="D:/qt/Tools/mingw730_64/bin/mingw32-make.exe -f &quot;F:/Studying/4_term/MPZ/Interpreter/myInterpreter/build-project-Qt_5_12_2_MinGW_64_bit-Default/src/lexer/Makefile&quot;  VERBOSE=1 clean"/>
					<DistClean command="D:/qt/Tools/mingw730_64/bin/mingw32-make.exe -f &quot;F:/Studying/4_term/MPZ/Interpreter/myInterpreter/build-project-Qt_5_12_2_MinGW_64_bit-Default/src/lexer/Makefile&quot;  VERBOSE=1 clean"/>
				</MakeCommands>
			</Target>
			<Target title="LibLexer/fast">
				<Option output="F:/Studying/4_term/MPZ/Interpreter/myInterpreter/build-project-Qt_5_12_2_MinGW_64_bit-Default/src/lexer/libLibLexer.a" prefix_auto="0" extension_auto="0"/>
				<Option working_dir="F:/Studying/4_term/MPZ/Interpreter/myInterpreter/build-project-Qt_5_12_2_MinGW_64_bit-Default/src/lexer"/>
				<Option object_output="./"/>
				<Option type="2"/>
				<Option compiler="gcc"/>
				<Compiler>
					<Add directory="F:/Studying/4_term/MPZ/Interpreter/myInterpreter/project/includes"/>
					<Add directory="F:/Studying/4_term/MPZ/Interpreter/myInterpreter/lib/boost/boost_1_70_0"/>
					<Add directory="D:/qt/Tools/mingw730_64/bin/../lib/gcc/x86_64-w64-mingw32/7.3.0/include/c++"/>
					<Add directory="D:/qt/Tools/mingw730_64/bin/../lib/gcc/x86_64-w64-mingw32/7.3.0/include/c++/x86_64-w64-mingw32"/>
					<Add directory="D:/qt/Tools/mingw730_64/bin/../lib/gcc/x86_64-w64-mingw32/7.3.0/include/c++/backward"/>
					<Add directory="D:/qt/Tools/mingw730_64/bin/../lib/gcc/x86_64-w64-mingw32/7.3.0/include"/>
					<Add directory="D:/qt/Tools/mingw730_64/bin/../lib/gcc/x86_64-w64-mingw32/7.3.0/include-fixed"/>
					<Add directory="D:/qt/Tools/mingw730_64/bin/../lib/gcc/x86_64-w64-mingw32/7.3.0/../../../../x86_64-w64-mingw32/include"/>
				</Compiler>
				<MakeCommands>
					<Build command="D:/qt/Tools/mingw730_64/bin/mingw32-make.exe -f &quot;F:/Studying/4_term/MPZ/Interpreter/myInterpreter/build-project-Qt_5_12_2_MinGW_64_bit-Default/src/lexer/Makefile&quot;  VERBOSE=1 LibLexer/fast"/>
					<CompileFile command="D:/qt/Tools/mingw730_64/bin/mingw32-make.exe -f &quot;F:/Studying/4_term/MPZ/Interpreter/myInterpreter/build-project-Qt_5_12_2_MinGW_64_bit-Default/src/lexer/Makefile&quot;  VERBOSE=1 &quot;$file&quot;"/>
					<Clean command="D:/qt/Tools/mingw730_64/bin/mingw32-make.exe -f &quot;F:/Studying/4_term/MPZ/Interpreter/myInterpreter/build-project-Qt_5_12_2_MinGW_64_bit-Default/src/lexer/Makefile&quot;  VERBOSE=1 clean"/>
					<DistClean command="D:/qt/Tools/mingw730_64/bin/mingw32-make.exe -f &quot;F:/Studying/4_term/MPZ/Interpreter/myInterpreter/build-project-Qt_5_12_2_MinGW_64_bit-Default/src/lexer/Makefile&quot;  VERBOSE=1 clean"/>
				</MakeCommands>
			</Target>
			<Target title="LibAST">
				<Option output="F:/Studying/4_term/MPZ/Interpreter/myInterpreter/build-project-Qt_5_12_2_MinGW_64_bit-Default/src/ast/libLibAST.a" prefix_auto="0" extension_auto="0"/>
				<Option working_dir="F:/Studying/4_term/MPZ/Interpreter/myInterpreter/build-project-Qt_5_12_2_MinGW_64_bit-Default/src/ast"/>
				<Option object_output="./"/>
				<Option type="2"/>
				<Option compiler="gcc"/>
				<Compiler>
					<Add directory="F:/Studying/4_term/MPZ/Interpreter/myInterpreter/project/includes"/>
					<Add directory="F:/Studying/4_term/MPZ/Interpreter/myInterpreter/lib/boost/boost_1_70_0"/>
					<Add directory="D:/qt/Tools/mingw730_64/bin/../lib/gcc/x86_64-w64-mingw32/7.3.0/include/c++"/>
					<Add directory="D:/qt/Tools/mingw730_64/bin/../lib/gcc/x86_64-w64-mingw32/7.3.0/include/c++/x86_64-w64-mingw32"/>
					<Add directory="D:/qt/Tools/mingw730_64/bin/../lib/gcc/x86_64-w64-mingw32/7.3.0/include/c++/backward"/>
					<Add directory="D:/qt/Tools/mingw730_64/bin/../lib/gcc/x86_64-w64-mingw32/7.3.0/include"/>
					<Add directory="D:/qt/Tools/mingw730_64/bin/../lib/gcc/x86_64-w64-mingw32/7.3.0/include-fixed"/>
					<Add directory="D:/qt/Tools/mingw730_64/bin/../lib/gcc/x86_64-w64-mingw32/7.3.0/../../../../x86_64-w64-mingw32/include"/>
				</Compiler>
				<MakeCommands>
					<Build command="D:/qt/Tools/mingw730_64/bin/mingw32-make.exe -f &quot;F:/Studying/4_term/MPZ/Interpreter/myInterpreter/build-project-Qt_5_12_2_MinGW_64_bit-Default/src/ast/Makefile&quot;  VERBOSE=1 LibAST"/>
					<CompileFile command="D:/qt/Tools/mingw730_64/bin/mingw32-make.exe -f &quot;F:/Studying/4_term/MPZ/Interpreter/myInterpreter/build-project-Qt_5_12_2_MinGW_64_bit-Default/src/ast/Makefile&quot;  VERBOSE=1 &quot;$file&quot;"/>
					<Clean command="D:/qt/Tools/mingw730_64/bin/mingw32-make.exe -f &quot;F:/Studying/4_term/MPZ/Interpreter/myInterpreter/build-project-Qt_5_12_2_MinGW_64_bit-Default/src/ast/Makefile&quot;  VERBOSE=1 clean"/>
					<DistClean command="D:/qt/Tools/mingw730_64/bin/mingw32-make.exe -f &quot;F:/Studying/4_term/MPZ/Interpreter/myInterpreter/build-project-Qt_5_12_2_MinGW_64_bit-Default/src/ast/Makefile&quot;  VERBOSE=1 clean"/>
				</MakeCommands>
			</Target>
			<Target title="LibAST/fast">
				<Option output="F:/Studying/4_term/MPZ/Interpreter/myInterpreter/build-project-Qt_5_12_2_MinGW_64_bit-Default/src/ast/libLibAST.a" prefix_auto="0" extension_auto="0"/>
				<Option working_dir="F:/Studying/4_term/MPZ/Interpreter/myInterpreter/build-project-Qt_5_12_2_MinGW_64_bit-Default/src/ast"/>
				<Option object_output="./"/>
				<Option type="2"/>
				<Option compiler="gcc"/>
				<Compiler>
					<Add directory="F:/Studying/4_term/MPZ/Interpreter/myInterpreter/project/includes"/>
					<Add directory="F:/Studying/4_term/MPZ/Interpreter/myInterpreter/lib/boost/boost_1_70_0"/>
					<Add directory="D:/qt/Tools/mingw730_64/bin/../lib/gcc/x86_64-w64-mingw32/7.3.0/include/c++"/>
					<Add directory="D:/qt/Tools/mingw730_64/bin/../lib/gcc/x86_64-w64-mingw32/7.3.0/include/c++/x86_64-w64-mingw32"/>
					<Add directory="D:/qt/Tools/mingw730_64/bin/../lib/gcc/x86_64-w64-mingw32/7.3.0/include/c++/backward"/>
					<Add directory="D:/qt/Tools/mingw730_64/bin/../lib/gcc/x86_64-w64-mingw32/7.3.0/include"/>
					<Add directory="D:/qt/Tools/mingw730_64/bin/../lib/gcc/x86_64-w64-mingw32/7.3.0/include-fixed"/>
					<Add directory="D:/qt/Tools/mingw730_64/bin/../lib/gcc/x86_64-w64-mingw32/7.3.0/../../../../x86_64-w64-mingw32/include"/>
				</Compiler>
				<MakeCommands>
					<Build command="D:/qt/Tools/mingw730_64/bin/mingw32-make.exe -f &quot;F:/Studying/4_term/MPZ/Interpreter/myInterpreter/build-project-Qt_5_12_2_MinGW_64_bit-Default/src/ast/Makefile&quot;  VERBOSE=1 LibAST/fast"/>
					<CompileFile command="D:/qt/Tools/mingw730_64/bin/mingw32-make.exe -f &quot;F:/Studying/4_term/MPZ/Interpreter/myInterpreter/build-project-Qt_5_12_2_MinGW_64_bit-Default/src/ast/Makefile&quot;  VERBOSE=1 &quot;$file&quot;"/>
					<Clean command="D:/qt/Tools/mingw730_64/bin/mingw32-make.exe -f &quot;F:/Studying/4_term/MPZ/Interpreter/myInterpreter/build-project-Qt_5_12_2_MinGW_64_bit-Default/src/ast/Makefile&quot;  VERBOSE=1 clean"/>
					<DistClean command="D:/qt/Tools/mingw730_64/bin/mingw32-make.exe -f &quot;F:/Studying/4_term/MPZ/Interpreter/myInterpreter/build-project-Qt_5_12_2_MinGW_64_bit-Default/src/ast/Makefile&quot;  VERBOSE=1 clean"/>
				</MakeCommands>
			</Target>
			<Target title="LibGrammar">
				<Option output="F:/Studying/4_term/MPZ/Interpreter/myInterpreter/build-project-Qt_5_12_2_MinGW_64_bit-Default/src/grammar/libLibGrammar.a" prefix_auto="0" extension_auto="0"/>
				<Option working_dir="F:/Studying/4_term/MPZ/Interpreter/myInterpreter/build-project-Qt_5_12_2_MinGW_64_bit-Default/src/grammar"/>
				<Option object_output="./"/>
				<Option type="2"/>
				<Option compiler="gcc"/>
				<Compiler>
					<Add directory="F:/Studying/4_term/MPZ/Interpreter/myInterpreter/project/includes"/>
					<Add directory="F:/Studying/4_term/MPZ/Interpreter/myInterpreter/lib/boost/boost_1_70_0"/>
					<Add directory="D:/qt/Tools/mingw730_64/bin/../lib/gcc/x86_64-w64-mingw32/7.3.0/include/c++"/>
					<Add directory="D:/qt/Tools/mingw730_64/bin/../lib/gcc/x86_64-w64-mingw32/7.3.0/include/c++/x86_64-w64-mingw32"/>
					<Add directory="D:/qt/Tools/mingw730_64/bin/../lib/gcc/x86_64-w64-mingw32/7.3.0/include/c++/backward"/>
					<Add directory="D:/qt/Tools/mingw730_64/bin/../lib/gcc/x86_64-w64-mingw32/7.3.0/include"/>
					<Add directory="D:/qt/Tools/mingw730_64/bin/../lib/gcc/x86_64-w64-mingw32/7.3.0/include-fixed"/>
					<Add directory="D:/qt/Tools/mingw730_64/bin/../lib/gcc/x86_64-w64-mingw32/7.3.0/../../../../x86_64-w64-mingw32/include"/>
				</Compiler>
				<MakeCommands>
					<Build command="D:/qt/Tools/mingw730_64/bin/mingw32-make.exe -f &quot;F:/Studying/4_term/MPZ/Interpreter/myInterpreter/build-project-Qt_5_12_2_MinGW_64_bit-Default/src/grammar/Makefile&quot;  VERBOSE=1 LibGrammar"/>
					<CompileFile command="D:/qt/Tools/mingw730_64/bin/mingw32-make.exe -f &quot;F:/Studying/4_term/MPZ/Interpreter/myInterpreter/build-project-Qt_5_12_2_MinGW_64_bit-Default/src/grammar/Makefile&quot;  VERBOSE=1 &quot;$file&quot;"/>
					<Clean command="D:/qt/Tools/mingw730_64/bin/mingw32-make.exe -f &quot;F:/Studying/4_term/MPZ/Interpreter/myInterpreter/build-project-Qt_5_12_2_MinGW_64_bit-Default/src/grammar/Makefile&quot;  VERBOSE=1 clean"/>
					<DistClean command="D:/qt/Tools/mingw730_64/bin/mingw32-make.exe -f &quot;F:/Studying/4_term/MPZ/Interpreter/myInterpreter/build-project-Qt_5_12_2_MinGW_64_bit-Default/src/grammar/Makefile&quot;  VERBOSE=1 clean"/>
				</MakeCommands>
			</Target>
			<Target title="LibGrammar/fast">
				<Option output="F:/Studying/4_term/MPZ/Interpreter/myInterpreter/build-project-Qt_5_12_2_MinGW_64_bit-Default/src/grammar/libLibGrammar.a" prefix_auto="0" extension_auto="0"/>
				<Option working_dir="F:/Studying/4_term/MPZ/Interpreter/myInterpreter/build-project-Qt_5_12_2_MinGW_64_bit-Default/src/grammar"/>
				<Option object_output="./"/>
				<Option type="2"/>
				<Option compiler="gcc"/>
				<Compiler>
					<Add directory="F:/Studying/4_term/MPZ/Interpreter/myInterpreter/project/includes"/>
					<Add directory="F:/Studying/4_term/MPZ/Interpreter/myInterpreter/lib/boost/boost_1_70_0"/>
					<Add directory="D:/qt/Tools/mingw730_64/bin/../lib/gcc/x86_64-w64-mingw32/7.3.0/include/c++"/>
					<Add directory="D:/qt/Tools/mingw730_64/bin/../lib/gcc/x86_64-w64-mingw32/7.3.0/include/c++/x86_64-w64-mingw32"/>
					<Add directory="D:/qt/Tools/mingw730_64/bin/../lib/gcc/x86_64-w64-mingw32/7.3.0/include/c++/backward"/>
					<Add directory="D:/qt/Tools/mingw730_64/bin/../lib/gcc/x86_64-w64-mingw32/7.3.0/include"/>
					<Add directory="D:/qt/Tools/mingw730_64/bin/../lib/gcc/x86_64-w64-mingw32/7.3.0/include-fixed"/>
					<Add directory="D:/qt/Tools/mingw730_64/bin/../lib/gcc/x86_64-w64-mingw32/7.3.0/../../../../x86_64-w64-mingw32/include"/>
				</Compiler>
				<MakeCommands>
					<Build command="D:/qt/Tools/mingw730_64/bin/mingw32-make.exe -f &quot;F:/Studying/4_term/MPZ/Interpreter/myInterpreter/build-project-Qt_5_12_2_MinGW_64_bit-Default/src/grammar/Makefile&quot;  VERBOSE=1 LibGrammar/fast"/>
					<CompileFile command="D:/qt/Tools/mingw730_64/bin/mingw32-make.exe -f &quot;F:/Studying/4_term/MPZ/Interpreter/myInterpreter/build-project-Qt_5_12_2_MinGW_64_bit-Default/src/grammar/Makefile&quot;  VERBOSE=1 &quot;$file&quot;"/>
					<Clean command="D:/qt/Tools/mingw730_64/bin/mingw32-make.exe -f &quot;F:/Studying/4_term/MPZ/Interpreter/myInterpreter/build-project-Qt_5_12_2_MinGW_64_bit-Default/src/grammar/Makefile&quot;  VERBOSE=1 clean"/>
					<DistClean command="D:/qt/Tools/mingw730_64/bin/mingw32-make.exe -f &quot;F:/Studying/4_term/MPZ/Interpreter/myInterpreter/build-project-Qt_5_12_2_MinGW_64_bit-Default/src/grammar/Makefile&quot;  VERBOSE=1 clean"/>
				</MakeCommands>
			</Target>
			<Target title="LibEvaluator">
				<Option output="F:/Studying/4_term/MPZ/Interpreter/myInterpreter/build-project-Qt_5_12_2_MinGW_64_bit-Default/src/evaluator/libLibEvaluator.a" prefix_auto="0" extension_auto="0"/>
				<Option working_dir="F:/Studying/4_term/MPZ/Interpreter/myInterpreter/build-project-Qt_5_12_2_MinGW_64_bit-Default/src/evaluator"/>
				<Option object_output="./"/>
				<Option type="2"/>
				<Option compiler="gcc"/>
				<Compiler>
					<Add directory="F:/Studying/4_term/MPZ/Interpreter/myInterpreter/project/includes"/>
					<Add directory="F:/Studying/4_term/MPZ/Interpreter/myInterpreter/lib/boost/boost_1_70_0"/>
					<Add directory="D:/qt/Tools/mingw730_64/bin/../lib/gcc/x86_64-w64-mingw32/7.3.0/include/c++"/>
					<Add directory="D:/qt/Tools/mingw730_64/bin/../lib/gcc/x86_64-w64-mingw32/7.3.0/include/c++/x86_64-w64-mingw32"/>
					<Add directory="D:/qt/Tools/mingw730_64/bin/../lib/gcc/x86_64-w64-mingw32/7.3.0/include/c++/backward"/>
					<Add directory="D:/qt/Tools/mingw730_64/bin/../lib/gcc/x86_64-w64-mingw32/7.3.0/include"/>
					<Add directory="D:/qt/Tools/mingw730_64/bin/../lib/gcc/x86_64-w64-mingw32/7.3.0/include-fixed"/>
					<Add directory="D:/qt/Tools/mingw730_64/bin/../lib/gcc/x86_64-w64-mingw32/7.3.0/../../../../x86_64-w64-mingw32/include"/>
				</Compiler>
				<MakeCommands>
					<Build command="D:/qt/Tools/mingw730_64/bin/mingw32-make.exe -f &quot;F:/Studying/4_term/MPZ/Interpreter/myInterpreter/build-project-Qt_5_12_2_MinGW_64_bit-Default/src/evaluator/Makefile&quot;  VERBOSE=1 LibEvaluator"/>
					<CompileFile command="D:/qt/Tools/mingw730_64/bin/mingw32-make.exe -f &quot;F:/Studying/4_term/MPZ/Interpreter/myInterpreter/build-project-Qt_5_12_2_MinGW_64_bit-Default/src/evaluator/Makefile&quot;  VERBOSE=1 &quot;$file&quot;"/>
					<Clean command="D:/qt/Tools/mingw730_64/bin/mingw32-make.exe -f &quot;F:/Studying/4_term/MPZ/Interpreter/myInterpreter/build-project-Qt_5_12_2_MinGW_64_bit-Default/src/evaluator/Makefile&quot;  VERBOSE=1 clean"/>
					<DistClean command="D:/qt/Tools/mingw730_64/bin/mingw32-make.exe -f &quot;F:/Studying/4_term/MPZ/Interpreter/myInterpreter/build-project-Qt_5_12_2_MinGW_64_bit-Default/src/evaluator/Makefile&quot;  VERBOSE=1 clean"/>
				</MakeCommands>
			</Target>
			<Target title="LibEvaluator/fast">
				<Option output="F:/Studying/4_term/MPZ/Interpreter/myInterpreter/build-project-Qt_5_12_2_MinGW_64_bit-Default/src/evaluator/libLibEvaluator.a" prefix_auto="0" extension_auto="0"/>
				<Option working_dir="F:/Studying/4_term/MPZ/Interpreter/myInterpreter/build-project-Qt_5_12_2_MinGW_64_bit-Default/src/evaluator"/>
				<Option object_output="./"/>
				<Option type="2"/>
				<Option compiler="gcc"/>
				<Compiler>
					<Add directory="F:/Studying/4_term/MPZ/Interpreter/myInterpreter/project/includes"/>
					<Add directory="F:/Studying/4_term/MPZ/Interpreter/myInterpreter/lib/boost/boost_1_70_0"/>
					<Add directory="D:/qt/Tools/mingw730_64/bin/../lib/gcc/x86_64-w64-mingw32/7.3.0/include/c++"/>
					<Add directory="D:/qt/Tools/mingw730_64/bin/../lib/gcc/x86_64-w64-mingw32/7.3.0/include/c++/x86_64-w64-mingw32"/>
					<Add directory="D:/qt/Tools/mingw730_64/bin/../lib/gcc/x86_64-w64-mingw32/7.3.0/include/c++/backward"/>
					<Add directory="D:/qt/Tools/mingw730_64/bin/../lib/gcc/x86_64-w64-mingw32/7.3.0/include"/>
					<Add directory="D:/qt/Tools/mingw730_64/bin/../lib/gcc/x86_64-w64-mingw32/7.3.0/include-fixed"/>
					<Add directory="D:/qt/Tools/mingw730_64/bin/../lib/gcc/x86_64-w64-mingw32/7.3.0/../../../../x86_64-w64-mingw32/include"/>
				</Compiler>
				<MakeCommands>
					<Build command="D:/qt/Tools/mingw730_64/bin/mingw32-make.exe -f &quot;F:/Studying/4_term/MPZ/Interpreter/myInterpreter/build-project-Qt_5_12_2_MinGW_64_bit-Default/src/evaluator/Makefile&quot;  VERBOSE=1 LibEvaluator/fast"/>
					<CompileFile command="D:/qt/Tools/mingw730_64/bin/mingw32-make.exe -f &quot;F:/Studying/4_term/MPZ/Interpreter/myInterpreter/build-project-Qt_5_12_2_MinGW_64_bit-Default/src/evaluator/Makefile&quot;  VERBOSE=1 &quot;$file&quot;"/>
					<Clean command="D:/qt/Tools/mingw730_64/bin/mingw32-make.exe -f &quot;F:/Studying/4_term/MPZ/Interpreter/myInterpreter/build-project-Qt_5_12_2_MinGW_64_bit-Default/src/evaluator/Makefile&quot;  VERBOSE=1 clean"/>
					<DistClean command="D:/qt/Tools/mingw730_64/bin/mingw32-make.exe -f &quot;F:/Studying/4_term/MPZ/Interpreter/myInterpreter/build-project-Qt_5_12_2_MinGW_64_bit-Default/src/evaluator/Makefile&quot;  VERBOSE=1 clean"/>
				</MakeCommands>
			</Target>
			<Target title="StatementGrammar">
				<Option output="F:/Studying/4_term/MPZ/Interpreter/myInterpreter/build-project-Qt_5_12_2_MinGW_64_bit-Default/demo/boost_example/StatementGrammar.exe" prefix_auto="0" extension_auto="0"/>
				<Option working_dir="F:/Studying/4_term/MPZ/Interpreter/myInterpreter/build-project-Qt_5_12_2_MinGW_64_bit-Default/demo/boost_example"/>
				<Option object_output="./"/>
				<Option type="1"/>
				<Option compiler="gcc"/>
				<Compiler>
					<Add directory="F:/Studying/4_term/MPZ/Interpreter/myInterpreter/project/includes"/>
					<Add directory="F:/Studying/4_term/MPZ/Interpreter/myInterpreter/lib/boost/boost_1_70_0"/>
					<Add directory="D:/qt/Tools/mingw730_64/bin/../lib/gcc/x86_64-w64-mingw32/7.3.0/include/c++"/>
					<Add directory="D:/qt/Tools/mingw730_64/bin/../lib/gcc/x86_64-w64-mingw32/7.3.0/include/c++/x86_64-w64-mingw32"/>
					<Add directory="D:/qt/Tools/mingw730_64/bin/../lib/gcc/x86_64-w64-mingw32/7.3.0/include/c++/backward"/>
					<Add directory="D:/qt/Tools/mingw730_64/bin/../lib/gcc/x86_64-w64-mingw32/7.3.0/include"/>
					<Add directory="D:/qt/Tools/mingw730_64/bin/../lib/gcc/x86_64-w64-mingw32/7.3.0/include-fixed"/>
					<Add directory="D:/qt/Tools/mingw730_64/bin/../lib/gcc/x86_64-w64-mingw32/7.3.0/../../../../x86_64-w64-mingw32/include"/>
				</Compiler>
				<MakeCommands>
					<Build command="D:/qt/Tools/mingw730_64/bin/mingw32-make.exe -f &quot;F:/Studying/4_term/MPZ/Interpreter/myInterpreter/build-project-Qt_5_12_2_MinGW_64_bit-Default/demo/boost_example/Makefile&quot;  VERBOSE=1 StatementGrammar"/>
					<CompileFile command="D:/qt/Tools/mingw730_64/bin/mingw32-make.exe -f &quot;F:/Studying/4_term/MPZ/Interpreter/myInterpreter/build-project-Qt_5_12_2_MinGW_64_bit-Default/demo/boost_example/Makefile&quot;  VERBOSE=1 &quot;$file&quot;"/>
					<Clean command="D:/qt/Tools/mingw730_64/bin/mingw32-make.exe -f &quot;F:/Studying/4_term/MPZ/Interpreter/myInterpreter/build-project-Qt_5_12_2_MinGW_64_bit-Default/demo/boost_example/Makefile&quot;  VERBOSE=1 clean"/>
					<DistClean command="D:/qt/Tools/mingw730_64/bin/mingw32-make.exe -f &quot;F:/Studying/4_term/MPZ/Interpreter/myInterpreter/build-project-Qt_5_12_2_MinGW_64_bit-Default/demo/boost_example/Makefile&quot;  VERBOSE=1 clean"/>
				</MakeCommands>
			</Target>
			<Target title="StatementGrammar/fast">
				<Option output="F:/Studying/4_term/MPZ/Interpreter/myInterpreter/build-project-Qt_5_12_2_MinGW_64_bit-Default/demo/boost_example/StatementGrammar.exe" prefix_auto="0" extension_auto="0"/>
				<Option working_dir="F:/Studying/4_term/MPZ/Interpreter/myInterpreter/build-project-Qt_5_12_2_MinGW_64_bit-Default/demo/boost_example"/>
				<Option object_output="./"/>
				<Option type="1"/>
				<Option compiler="gcc"/>
				<Compiler>
					<Add directory="F:/Studying/4_term/MPZ/Interpreter/myInterpreter/project/includes"/>
					<Add directory="F:/Studying/4_term/MPZ/Interpreter/myInterpreter/lib/boost/boost_1_70_0"/>
					<Add directory="D:/qt/Tools/mingw730_64/bin/../lib/gcc/x86_64-w64-mingw32/7.3.0/include/c++"/>
					<Add directory="D:/qt/Tools/mingw730_64/bin/../lib/gcc/x86_64-w64-mingw32/7.3.0/include/c++/x86_64-w64-mingw32"/>
					<Add directory="D:/qt/Tools/mingw730_64/bin/../lib/gcc/x86_64-w64-mingw32/7.3.0/include/c++/backward"/>
					<Add directory="D:/qt/Tools/mingw730_64/bin/../lib/gcc/x86_64-w64-mingw32/7.3.0/include"/>
					<Add directory="D:/qt/Tools/mingw730_64/bin/../lib/gcc/x86_64-w64-mingw32/7.3.0/include-fixed"/>
					<Add directory="D:/qt/Tools/mingw730_64/bin/../lib/gcc/x86_64-w64-mingw32/7.3.0/../../../../x86_64-w64-mingw32/include"/>
				</Compiler>
				<MakeCommands>
					<Build command="D:/qt/Tools/mingw730_64/bin/mingw32-make.exe -f &quot;F:/Studying/4_term/MPZ/Interpreter/myInterpreter/build-project-Qt_5_12_2_MinGW_64_bit-Default/demo/boost_example/Makefile&quot;  VERBOSE=1 StatementGrammar/fast"/>
					<CompileFile command="D:/qt/Tools/mingw730_64/bin/mingw32-make.exe -f &quot;F:/Studying/4_term/MPZ/Interpreter/myInterpreter/build-project-Qt_5_12_2_MinGW_64_bit-Default/demo/boost_example/Makefile&quot;  VERBOSE=1 &quot;$file&quot;"/>
					<Clean command="D:/qt/Tools/mingw730_64/bin/mingw32-make.exe -f &quot;F:/Studying/4_term/MPZ/Interpreter/myInterpreter/build-project-Qt_5_12_2_MinGW_64_bit-Default/demo/boost_example/Makefile&quot;  VERBOSE=1 clean"/>
					<DistClean command="D:/qt/Tools/mingw730_64/bin/mingw32-make.exe -f &quot;F:/Studying/4_term/MPZ/Interpreter/myInterpreter/build-project-Qt_5_12_2_MinGW_64_bit-Default/demo/boost_example/Makefile&quot;  VERBOSE=1 clean"/>
				</MakeCommands>
			</Target>
			<Target title="LexerTests">
				<Option output="F:/Studying/4_term/MPZ/Interpreter/myInterpreter/build-project-Qt_5_12_2_MinGW_64_bit-Default/demo/lib_test/LexerTests.exe" prefix_auto="0" extension_auto="0"/>
				<Option working_dir="F:/Studying/4_term/MPZ/Interpreter/myInterpreter/build-project-Qt_5_12_2_MinGW_64_bit-Default/demo/lib_test"/>
				<Option object_output="./"/>
				<Option type="1"/>
				<Option compiler="gcc"/>
				<Compiler>
					<Add directory="F:/Studying/4_term/MPZ/Interpreter/myInterpreter/project/includes"/>
					<Add directory="F:/Studying/4_term/MPZ/Interpreter/myInterpreter/lib/boost/boost_1_70_0"/>
					<Add directory="D:/qt/Tools/mingw730_64/bin/../lib/gcc/x86_64-w64-mingw32/7.3.0/include/c++"/>
					<Add directory="D:/qt/Tools/mingw730_64/bin/../lib/gcc/x86_64-w64-mingw32/7.3.0/include/c++/x86_64-w64-mingw32"/>
					<Add directory="D:/qt/Tools/mingw730_64/bin/../lib/gcc/x86_64-w64-mingw32/7.3.0/include/c++/backward"/>
					<Add directory="D:/qt/Tools/mingw730_64/bin/../lib/gcc/x86_64-w64-mingw32/7.3.0/include"/>
					<Add directory="D:/qt/Tools/mingw730_64/bin/../lib/gcc/x86_64-w64-mingw32/7.3.0/include-fixed"/>
					<Add directory="D:/qt/Tools/mingw730_64/bin/../lib/gcc/x86_64-w64-mingw32/7.3.0/../../../../x86_64-w64-mingw32/include"/>
				</Compiler>
				<MakeCommands>
					<Build command="D:/qt/Tools/mingw730_64/bin/mingw32-make.exe -f &quot;F:/Studying/4_term/MPZ/Interpreter/myInterpreter/build-project-Qt_5_12_2_MinGW_64_bit-Default/demo/lib_test/Makefile&quot;  VERBOSE=1 LexerTests"/>
					<CompileFile command="D:/qt/Tools/mingw730_64/bin/mingw32-make.exe -f &quot;F:/Studying/4_term/MPZ/Interpreter/myInterpreter/build-project-Qt_5_12_2_MinGW_64_bit-Default/demo/lib_test/Makefile&quot;  VERBOSE=1 &quot;$file&quot;"/>
					<Clean command="D:/qt/Tools/mingw730_64/bin/mingw32-make.exe -f &quot;F:/Studying/4_term/MPZ/Interpreter/myInterpreter/build-project-Qt_5_12_2_MinGW_64_bit-Default/demo/lib_test/Makefile&quot;  VERBOSE=1 clean"/>
					<DistClean command="D:/qt/Tools/mingw730_64/bin/mingw32-make.exe -f &quot;F:/Studying/4_term/MPZ/Interpreter/myInterpreter/build-project-Qt_5_12_2_MinGW_64_bit-Default/demo/lib_test/Makefile&quot;  VERBOSE=1 clean"/>
				</MakeCommands>
			</Target>
			<Target title="LexerTests/fast">
				<Option output="F:/Studying/4_term/MPZ/Interpreter/myInterpreter/build-project-Qt_5_12_2_MinGW_64_bit-Default/demo/lib_test/LexerTests.exe" prefix_auto="0" extension_auto="0"/>
				<Option working_dir="F:/Studying/4_term/MPZ/Interpreter/myInterpreter/build-project-Qt_5_12_2_MinGW_64_bit-Default/demo/lib_test"/>
				<Option object_output="./"/>
				<Option type="1"/>
				<Option compiler="gcc"/>
				<Compiler>
					<Add directory="F:/Studying/4_term/MPZ/Interpreter/myInterpreter/project/includes"/>
					<Add directory="F:/Studying/4_term/MPZ/Interpreter/myInterpreter/lib/boost/boost_1_70_0"/>
					<Add directory="D:/qt/Tools/mingw730_64/bin/../lib/gcc/x86_64-w64-mingw32/7.3.0/include/c++"/>
					<Add directory="D:/qt/Tools/mingw730_64/bin/../lib/gcc/x86_64-w64-mingw32/7.3.0/include/c++/x86_64-w64-mingw32"/>
					<Add directory="D:/qt/Tools/mingw730_64/bin/../lib/gcc/x86_64-w64-mingw32/7.3.0/include/c++/backward"/>
					<Add directory="D:/qt/Tools/mingw730_64/bin/../lib/gcc/x86_64-w64-mingw32/7.3.0/include"/>
					<Add directory="D:/qt/Tools/mingw730_64/bin/../lib/gcc/x86_64-w64-mingw32/7.3.0/include-fixed"/>
					<Add directory="D:/qt/Tools/mingw730_64/bin/../lib/gcc/x86_64-w64-mingw32/7.3.0/../../../../x86_64-w64-mingw32/include"/>
				</Compiler>
				<MakeCommands>
					<Build command="D:/qt/Tools/mingw730_64/bin/mingw32-make.exe -f &quot;F:/Studying/4_term/MPZ/Interpreter/myInterpreter/build-project-Qt_5_12_2_MinGW_64_bit-Default/demo/lib_test/Makefile&quot;  VERBOSE=1 LexerTests/fast"/>
					<CompileFile command="D:/qt/Tools/mingw730_64/bin/mingw32-make.exe -f &quot;F:/Studying/4_term/MPZ/Interpreter/myInterpreter/build-project-Qt_5_12_2_MinGW_64_bit-Default/demo/lib_test/Makefile&quot;  VERBOSE=1 &quot;$file&quot;"/>
					<Clean command="D:/qt/Tools/mingw730_64/bin/mingw32-make.exe -f &quot;F:/Studying/4_term/MPZ/Interpreter/myInterpreter/build-project-Qt_5_12_2_MinGW_64_bit-Default/demo/lib_test/Makefile&quot;  VERBOSE=1 clean"/>
					<DistClean command="D:/qt/Tools/mingw730_64/bin/mingw32-make.exe -f &quot;F:/Studying/4_term/MPZ/Interpreter/myInterpreter/build-project-Qt_5_12_2_MinGW_64_bit-Default/demo/lib_test/Makefile&quot;  VERBOSE=1 clean"/>
				</MakeCommands>
			</Target>
			<Target title="StatementEvaluatorDemo">
				<Option output="F:/Studying/4_term/MPZ/Interpreter/myInterpreter/build-project-Qt_5_12_2_MinGW_64_bit-Default/demo/lib_test/StatementEvaluatorDemo.exe" prefix_auto="0" extension_auto="0"/>
				<Option working_dir="F:/Studying/4_term/MPZ/Interpreter/myInterpreter/build-project-Qt_5_12_2_MinGW_64_bit-Default/demo/lib_test"/>
				<Option object_output="./"/>
				<Option type="1"/>
				<Option compiler="gcc"/>
				<Compiler>
					<Add directory="F:/Studying/4_term/MPZ/Interpreter/myInterpreter/project/includes"/>
					<Add directory="F:/Studying/4_term/MPZ/Interpreter/myInterpreter/lib/boost/boost_1_70_0"/>
					<Add directory="D:/qt/Tools/mingw730_64/bin/../lib/gcc/x86_64-w64-mingw32/7.3.0/include/c++"/>
					<Add directory="D:/qt/Tools/mingw730_64/bin/../lib/gcc/x86_64-w64-mingw32/7.3.0/include/c++/x86_64-w64-mingw32"/>
					<Add directory="D:/qt/Tools/mingw730_64/bin/../lib/gcc/x86_64-w64-mingw32/7.3.0/include/c++/backward"/>
					<Add directory="D:/qt/Tools/mingw730_64/bin/../lib/gcc/x86_64-w64-mingw32/7.3.0/include"/>
					<Add directory="D:/qt/Tools/mingw730_64/bin/../lib/gcc/x86_64-w64-mingw32/7.3.0/include-fixed"/>
					<Add directory="D:/qt/Tools/mingw730_64/bin/../lib/gcc/x86_64-w64-mingw32/7.3.0/../../../../x86_64-w64-mingw32/include"/>
				</Compiler>
				<MakeCommands>
					<Build command="D:/qt/Tools/mingw730_64/bin/mingw32-make.exe -f &quot;F:/Studying/4_term/MPZ/Interpreter/myInterpreter/build-project-Qt_5_12_2_MinGW_64_bit-Default/demo/lib_test/Makefile&quot;  VERBOSE=1 StatementEvaluatorDemo"/>
					<CompileFile command="D:/qt/Tools/mingw730_64/bin/mingw32-make.exe -f &quot;F:/Studying/4_term/MPZ/Interpreter/myInterpreter/build-project-Qt_5_12_2_MinGW_64_bit-Default/demo/lib_test/Makefile&quot;  VERBOSE=1 &quot;$file&quot;"/>
					<Clean command="D:/qt/Tools/mingw730_64/bin/mingw32-make.exe -f &quot;F:/Studying/4_term/MPZ/Interpreter/myInterpreter/build-project-Qt_5_12_2_MinGW_64_bit-Default/demo/lib_test/Makefile&quot;  VERBOSE=1 clean"/>
					<DistClean command="D:/qt/Tools/mingw730_64/bin/mingw32-make.exe -f &quot;F:/Studying/4_term/MPZ/Interpreter/myInterpreter/build-project-Qt_5_12_2_MinGW_64_bit-Default/demo/lib_test/Makefile&quot;  VERBOSE=1 clean"/>
				</MakeCommands>
			</Target>
			<Target title="StatementEvaluatorDemo/fast">
				<Option output="F:/Studying/4_term/MPZ/Interpreter/myInterpreter/build-project-Qt_5_12_2_MinGW_64_bit-Default/demo/lib_test/StatementEvaluatorDemo.exe" prefix_auto="0" extension_auto="0"/>
				<Option working_dir="F:/Studying/4_term/MPZ/Interpreter/myInterpreter/build-project-Qt_5_12_2_MinGW_64_bit-Default/demo/lib_test"/>
				<Option object_output="./"/>
				<Option type="1"/>
				<Option compiler="gcc"/>
				<Compiler>
					<Add directory="F:/Studying/4_term/MPZ/Interpreter/myInterpreter/project/includes"/>
					<Add directory="F:/Studying/4_term/MPZ/Interpreter/myInterpreter/lib/boost/boost_1_70_0"/>
					<Add directory="D:/qt/Tools/mingw730_64/bin/../lib/gcc/x86_64-w64-mingw32/7.3.0/include/c++"/>
					<Add directory="D:/qt/Tools/mingw730_64/bin/../lib/gcc/x86_64-w64-mingw32/7.3.0/include/c++/x86_64-w64-mingw32"/>
					<Add directory="D:/qt/Tools/mingw730_64/bin/../lib/gcc/x86_64-w64-mingw32/7.3.0/include/c++/backward"/>
					<Add directory="D:/qt/Tools/mingw730_64/bin/../lib/gcc/x86_64-w64-mingw32/7.3.0/include"/>
					<Add directory="D:/qt/Tools/mingw730_64/bin/../lib/gcc/x86_64-w64-mingw32/7.3.0/include-fixed"/>
					<Add directory="D:/qt/Tools/mingw730_64/bin/../lib/gcc/x86_64-w64-mingw32/7.3.0/../../../../x86_64-w64-mingw32/include"/>
				</Compiler>
				<MakeCommands>
					<Build command="D:/qt/Tools/mingw730_64/bin/mingw32-make.exe -f &quot;F:/Studying/4_term/MPZ/Interpreter/myInterpreter/build-project-Qt_5_12_2_MinGW_64_bit-Default/demo/lib_test/Makefile&quot;  VERBOSE=1 StatementEvaluatorDemo/fast"/>
					<CompileFile command="D:/qt/Tools/mingw730_64/bin/mingw32-make.exe -f &quot;F:/Studying/4_term/MPZ/Interpreter/myInterpreter/build-project-Qt_5_12_2_MinGW_64_bit-Default/demo/lib_test/Makefile&quot;  VERBOSE=1 &quot;$file&quot;"/>
					<Clean command="D:/qt/Tools/mingw730_64/bin/mingw32-make.exe -f &quot;F:/Studying/4_term/MPZ/Interpreter/myInterpreter/build-project-Qt_5_12_2_MinGW_64_bit-Default/demo/lib_test/Makefile&quot;  VERBOSE=1 clean"/>
					<DistClean command="D:/qt/Tools/mingw730_64/bin/mingw32-make.exe -f &quot;F:/Studying/4_term/MPZ/Interpreter/myInterpreter/build-project-Qt_5_12_2_MinGW_64_bit-Default/demo/lib_test/Makefile&quot;  VERBOSE=1 clean"/>
				</MakeCommands>
			</Target>
			<Target title="StatementGrammarDemo">
				<Option output="F:/Studying/4_term/MPZ/Interpreter/myInterpreter/build-project-Qt_5_12_2_MinGW_64_bit-Default/demo/lib_test/StatementGrammarDemo.exe" prefix_auto="0" extension_auto="0"/>
				<Option working_dir="F:/Studying/4_term/MPZ/Interpreter/myInterpreter/build-project-Qt_5_12_2_MinGW_64_bit-Default/demo/lib_test"/>
				<Option object_output="./"/>
				<Option type="1"/>
				<Option compiler="gcc"/>
				<Compiler>
					<Add directory="F:/Studying/4_term/MPZ/Interpreter/myInterpreter/project/includes"/>
					<Add directory="F:/Studying/4_term/MPZ/Interpreter/myInterpreter/lib/boost/boost_1_70_0"/>
					<Add directory="D:/qt/Tools/mingw730_64/bin/../lib/gcc/x86_64-w64-mingw32/7.3.0/include/c++"/>
					<Add directory="D:/qt/Tools/mingw730_64/bin/../lib/gcc/x86_64-w64-mingw32/7.3.0/include/c++/x86_64-w64-mingw32"/>
					<Add directory="D:/qt/Tools/mingw730_64/bin/../lib/gcc/x86_64-w64-mingw32/7.3.0/include/c++/backward"/>
					<Add directory="D:/qt/Tools/mingw730_64/bin/../lib/gcc/x86_64-w64-mingw32/7.3.0/include"/>
					<Add directory="D:/qt/Tools/mingw730_64/bin/../lib/gcc/x86_64-w64-mingw32/7.3.0/include-fixed"/>
					<Add directory="D:/qt/Tools/mingw730_64/bin/../lib/gcc/x86_64-w64-mingw32/7.3.0/../../../../x86_64-w64-mingw32/include"/>
				</Compiler>
				<MakeCommands>
					<Build command="D:/qt/Tools/mingw730_64/bin/mingw32-make.exe -f &quot;F:/Studying/4_term/MPZ/Interpreter/myInterpreter/build-project-Qt_5_12_2_MinGW_64_bit-Default/demo/lib_test/Makefile&quot;  VERBOSE=1 StatementGrammarDemo"/>
					<CompileFile command="D:/qt/Tools/mingw730_64/bin/mingw32-make.exe -f &quot;F:/Studying/4_term/MPZ/Interpreter/myInterpreter/build-project-Qt_5_12_2_MinGW_64_bit-Default/demo/lib_test/Makefile&quot;  VERBOSE=1 &quot;$file&quot;"/>
					<Clean command="D:/qt/Tools/mingw730_64/bin/mingw32-make.exe -f &quot;F:/Studying/4_term/MPZ/Interpreter/myInterpreter/build-project-Qt_5_12_2_MinGW_64_bit-Default/demo/lib_test/Makefile&quot;  VERBOSE=1 clean"/>
					<DistClean command="D:/qt/Tools/mingw730_64/bin/mingw32-make.exe -f &quot;F:/Studying/4_term/MPZ/Interpreter/myInterpreter/build-project-Qt_5_12_2_MinGW_64_bit-Default/demo/lib_test/Makefile&quot;  VERBOSE=1 clean"/>
				</MakeCommands>
			</Target>
			<Target title="StatementGrammarDemo/fast">
				<Option output="F:/Studying/4_term/MPZ/Interpreter/myInterpreter/build-project-Qt_5_12_2_MinGW_64_bit-Default/demo/lib_test/StatementGrammarDemo.exe" prefix_auto="0" extension_auto="0"/>
				<Option working_dir="F:/Studying/4_term/MPZ/Interpreter/myInterpreter/build-project-Qt_5_12_2_MinGW_64_bit-Default/demo/lib_test"/>
				<Option object_output="./"/>
				<Option type="1"/>
				<Option compiler="gcc"/>
				<Compiler>
					<Add directory="F:/Studying/4_term/MPZ/Interpreter/myInterpreter/project/includes"/>
					<Add directory="F:/Studying/4_term/MPZ/Interpreter/myInterpreter/lib/boost/boost_1_70_0"/>
					<Add directory="D:/qt/Tools/mingw730_64/bin/../lib/gcc/x86_64-w64-mingw32/7.3.0/include/c++"/>
					<Add directory="D:/qt/Tools/mingw730_64/bin/../lib/gcc/x86_64-w64-mingw32/7.3.0/include/c++/x86_64-w64-mingw32"/>
					<Add directory="D:/qt/Tools/mingw730_64/bin/../lib/gcc/x86_64-w64-mingw32/7.3.0/include/c++/backward"/>
					<Add directory="D:/qt/Tools/mingw730_64/bin/../lib/gcc/x86_64-w64-mingw32/7.3.0/include"/>
					<Add directory="D:/qt/Tools/mingw730_64/bin/../lib/gcc/x86_64-w64-mingw32/7.3.0/include-fixed"/>
					<Add directory="D:/qt/Tools/mingw730_64/bin/../lib/gcc/x86_64-w64-mingw32/7.3.0/../../../../x86_64-w64-mingw32/include"/>
				</Compiler>
				<MakeCommands>
					<Build command="D:/qt/Tools/mingw730_64/bin/mingw32-make.exe -f &quot;F:/Studying/4_term/MPZ/Interpreter/myInterpreter/build-project-Qt_5_12_2_MinGW_64_bit-Default/demo/lib_test/Makefile&quot;  VERBOSE=1 StatementGrammarDemo/fast"/>
					<CompileFile command="D:/qt/Tools/mingw730_64/bin/mingw32-make.exe -f &quot;F:/Studying/4_term/MPZ/Interpreter/myInterpreter/build-project-Qt_5_12_2_MinGW_64_bit-Default/demo/lib_test/Makefile&quot;  VERBOSE=1 &quot;$file&quot;"/>
					<Clean command="D:/qt/Tools/mingw730_64/bin/mingw32-make.exe -f &quot;F:/Studying/4_term/MPZ/Interpreter/myInterpreter/build-project-Qt_5_12_2_MinGW_64_bit-Default/demo/lib_test/Makefile&quot;  VERBOSE=1 clean"/>
					<DistClean command="D:/qt/Tools/mingw730_64/bin/mingw32-make.exe -f &quot;F:/Studying/4_term/MPZ/Interpreter/myInterpreter/build-project-Qt_5_12_2_MinGW_64_bit-Default/demo/lib_test/Makefile&quot;  VERBOSE=1 clean"/>
				</MakeCommands>
			</Target>
		</Build>
		<Unit filename="F:/Studying/4_term/MPZ/Interpreter/myInterpreter/project/demo/boost_example/StatementGrammarTest.cpp">
			<Option target="StatementGrammar"/>
		</Unit>
		<Unit filename="F:/Studying/4_term/MPZ/Interpreter/myInterpreter/project/demo/lib_test/LexerTests.cpp">
			<Option target="LexerTests"/>
		</Unit>
		<Unit filename="F:/Studying/4_term/MPZ/Interpreter/myInterpreter/project/demo/lib_test/StatementEvaluatorDemo.cpp">
			<Option target="StatementEvaluatorDemo"/>
		</Unit>
		<Unit filename="F:/Studying/4_term/MPZ/Interpreter/myInterpreter/project/demo/lib_test/StatementGrammarDemo.cpp">
			<Option target="StatementGrammarDemo"/>
		</Unit>
		<Unit filename="F:/Studying/4_term/MPZ/Interpreter/myInterpreter/project/src/Interpreter.cpp">
			<Option target="LibInterpreter"/>
		</Unit>
		<Unit filename="F:/Studying/4_term/MPZ/Interpreter/myInterpreter/project/src/ast/ExpressionAST.cpp">
			<Option target="LibAST"/>
		</Unit>
		<Unit filename="F:/Studying/4_term/MPZ/Interpreter/myInterpreter/project/src/ast/Identifier.cpp">
			<Option target="LibAST"/>
		</Unit>
		<Unit filename="F:/Studying/4_term/MPZ/Interpreter/myInterpreter/project/src/ast/Literal.cpp">
			<Option target="LibAST"/>
		</Unit>
		<Unit filename="F:/Studying/4_term/MPZ/Interpreter/myInterpreter/project/src/ast/StatementAST.cpp">
			<Option target="LibAST"/>
		</Unit>
		<Unit filename="F:/Studying/4_term/MPZ/Interpreter/myInterpreter/project/src/ast/helper/ExpressionASTPrinter.cpp">
			<Option target="LibAST"/>
		</Unit>
		<Unit filename="F:/Studying/4_term/MPZ/Interpreter/myInterpreter/project/src/ast/helper/StatementASTPrinter.cpp">
			<Option target="LibAST"/>
		</Unit>
		<Unit filename="F:/Studying/4_term/MPZ/Interpreter/myInterpreter/project/src/evaluator/ExpressionEvaluator.cpp">
			<Option target="LibEvaluator"/>
		</Unit>
		<Unit filename="F:/Studying/4_term/MPZ/Interpreter/myInterpreter/project/src/evaluator/Printer.cpp">
			<Option target="LibEvaluator"/>
		</Unit>
		<Unit filename="F:/Studying/4_term/MPZ/Interpreter/myInterpreter/project/src/evaluator/Regex.cpp">
			<Option target="LibEvaluator"/>
		</Unit>
		<Unit filename="F:/Studying/4_term/MPZ/Interpreter/myInterpreter/project/src/evaluator/StatementEvaluator.cpp">
			<Option target="LibEvaluator"/>
		</Unit>
		<Unit filename="F:/Studying/4_term/MPZ/Interpreter/myInterpreter/project/src/evaluator/VariableStack.cpp">
			<Option target="LibEvaluator"/>
		</Unit>
		<Unit filename="F:/Studying/4_term/MPZ/Interpreter/myInterpreter/project/src/grammar/ExpressionGrammar.cpp">
			<Option target="LibGrammar"/>
		</Unit>
		<Unit filename="F:/Studying/4_term/MPZ/Interpreter/myInterpreter/project/src/grammar/LiteralGrammar.cpp">
			<Option target="LibGrammar"/>
		</Unit>
		<Unit filename="F:/Studying/4_term/MPZ/Interpreter/myInterpreter/project/src/grammar/StatementGrammar.cpp">
			<Option target="LibGrammar"/>
		</Unit>
		<Unit filename="F:/Studying/4_term/MPZ/Interpreter/myInterpreter/project/src/lexer/Lexer.cpp">
			<Option target="LibLexer"/>
		</Unit>
		<Unit filename="F:/Studying/4_term/MPZ/Interpreter/myInterpreter/project/src/lexer/helper/LexerIdGrammar.cpp">
			<Option target="LibLexer"/>
		</Unit>
		<Unit filename="F:/Studying/4_term/MPZ/Interpreter/myInterpreter/project/src/lexer/helper/LexerIdToString.cpp">
			<Option target="LibLexer"/>
		</Unit>
		<Unit filename="F:/Studying/4_term/MPZ/Interpreter/myInterpreter/project/CMakeLists.txt">
			<Option virtualFolder="CMake Files\"/>
		</Unit>
		<Unit filename="F:/Studying/4_term/MPZ/Interpreter/myInterpreter/project/src/CMakeLists.txt">
			<Option virtualFolder="CMake Files\src\"/>
		</Unit>
		<Unit filename="F:/Studying/4_term/MPZ/Interpreter/myInterpreter/project/src/lexer/CMakeLists.txt">
			<Option virtualFolder="CMake Files\src\lexer\"/>
		</Unit>
		<Unit filename="F:/Studying/4_term/MPZ/Interpreter/myInterpreter/project/src/ast/CMakeLists.txt">
			<Option virtualFolder="CMake Files\src\ast\"/>
		</Unit>
		<Unit filename="F:/Studying/4_term/MPZ/Interpreter/myInterpreter/project/src/grammar/CMakeLists.txt">
			<Option virtualFolder="CMake Files\src\grammar\"/>
		</Unit>
		<Unit filename="F:/Studying/4_term/MPZ/Interpreter/myInterpreter/project/src/evaluator/CMakeLists.txt">
			<Option virtualFolder="CMake Files\src\evaluator\"/>
		</Unit>
		<Unit filename="F:/Studying/4_term/MPZ/Interpreter/myInterpreter/project/demo/CMakeLists.txt">
			<Option virtualFolder="CMake Files\demo\"/>
		</Unit>
		<Unit filename="F:/Studying/4_term/MPZ/Interpreter/myInterpreter/project/demo/boost_example/CMakeLists.txt">
			<Option virtualFolder="CMake Files\demo\boost_example\"/>
		</Unit>
		<Unit filename="F:/Studying/4_term/MPZ/Interpreter/myInterpreter/project/demo/lib_test/CMakeLists.txt">
			<Option virtualFolder="CMake Files\demo\lib_test\"/>
		</Unit>
	</Project>
</CodeBlocks_project_file>
